{
  "requires": true,
  "lockfileVersion": 1,
  "dependencies": {
    "bats-assert": {
      "version": "git+ssh://git@github.com/ztombol/bats-assert.git#9f88b4207da750093baabc4e3f41bf68f0dd3630",
      "from": "bats-assert@github:ztombol/bats-assert",
      "dev": true
    },
    "bats-support": {
      "version": "git+ssh://git@github.com/ztombol/bats-support.git#004e707638eedd62e0481e8cdc9223ad471f12ee",
      "from": "bats-support@github:ztombol/bats-support",
      "dev": true
    }
  }
}
